
Microsoft Visual Studio Solution File, Format Version 12.00
# Visual Studio Version 17
VisualStudioVersion = 17.5.002.0
MinimumVisualStudioVersion = 10.0.40219.1
Project("{2150E333-8FDC-42A3-9474-1A3956D46DE8}") = "WordSearchApp", "WordSearchApp", "{D85E4C43-275E-4469-BB96-E4906EF3038E}"
EndProject
Project("{9A19103F-16F7-4668-BE54-9A1E7A4F7556}") = "WordSearchGame_Blazor", "WordSearchApp\WordSearchGame_Blazor\WordSearchGame_Blazor.csproj", "{E3B9F2D8-C48F-491E-AD0F-2CA5CA2A0B99}"
EndProject
Global
	GlobalSection(SolutionConfigurationPlatforms) = preSolution
		Debug|Any CPU = Debug|Any CPU
		Release|Any CPU = Release|Any CPU
	EndGlobalSection
	GlobalSection(ProjectConfigurationPlatforms) = postSolution
		{E3B9F2D8-C48F-491E-AD0F-2CA5CA2A0B99}.Debug|Any CPU.ActiveCfg = Debug|Any CPU
		{E3B9F2D8-C48F-491E-AD0F-2CA5CA2A0B99}.Debug|Any CPU.Build.0 = Debug|Any CPU
		{E3B9F2D8-C48F-491E-AD0F-2CA5CA2A0B99}.Release|Any CPU.ActiveCfg = Release|Any CPU
		{E3B9F2D8-C48F-491E-AD0F-2CA5CA2A0B99}.Release|Any CPU.Build.0 = Release|Any CPU
	EndGlobalSection
	GlobalSection(SolutionProperties) = preSolution
		HideSolutionNode = FALSE
	EndGlobalSection
	GlobalSection(NestedProjects) = preSolution
		{E3B9F2D8-C48F-491E-AD0F-2CA5CA2A0B99} = {D85E4C43-275E-4469-BB96-E4906EF3038E}
	EndGlobalSection
	GlobalSection(ExtensibilityGlobals) = postSolution
		SolutionGuid = {6BB1C9E2-5AAC-48F6-B811-E0915E512C67}
	EndGlobalSection
EndGlobal
